// !$*UTF8*$!
{
	archiveVersion = 1;
	classes = {
	};
	objectVersion = 56;
	objects = {

/* Begin PBXBuildFile section */
		DDF75DAB2A1AACBE0042DECB /* AppEntry.swift in Sources */ = {isa = PBXBuildFile; fileRef = DDF75DAA2A1AACBE0042DECB /* AppEntry.swift */; };
		DDF75DAD2A1AACBE0042DECB /* FoodPickerScreen.swift in Sources */ = {isa = PBXBuildFile; fileRef = DDF75DAC2A1AACBE0042DECB /* FoodPickerScreen.swift */; };
		DDF75DAF2A1AACBF0042DECB /* Assets.xcassets in Resources */ = {isa = PBXBuildFile; fileRef = DDF75DAE2A1AACBF0042DECB /* Assets.xcassets */; };
		DDF75DB22A1AACBF0042DECB /* Preview Assets.xcassets in Resources */ = {isa = PBXBuildFile; fileRef = DDF75DB12A1AACBF0042DECB /* Preview Assets.xcassets */; };
		DDF75DB92A1CB8510042DECB /* Food.swift in Sources */ = {isa = PBXBuildFile; fileRef = DDF75DB82A1CB8510042DECB /* Food.swift */; };
		DDF75DBB2A1CC2FA0042DECB /* PreviewDevice+.swift in Sources */ = {isa = PBXBuildFile; fileRef = DDF75DBA2A1CC2FA0042DECB /* PreviewDevice+.swift */; };
		DDF75DBF2A1CFBD50042DECB /* SuffixWrapper.swift in Sources */ = {isa = PBXBuildFile; fileRef = DDF75DBE2A1CFBD50042DECB /* SuffixWrapper.swift */; };
		DDF75DC12A1D112A0042DECB /* FoodListScreen.swift in Sources */ = {isa = PBXBuildFile; fileRef = DDF75DC02A1D112A0042DECB /* FoodListScreen.swift */; };
		DDF75DC32A1D3A350042DECB /* FoodForm.swift in Sources */ = {isa = PBXBuildFile; fileRef = DDF75DC22A1D3A350042DECB /* FoodForm.swift */; };
		DDF75DCD2A1DCEF60042DECB /* FoodDetailSheet.swift in Sources */ = {isa = PBXBuildFile; fileRef = DDF75DCC2A1DCEF60042DECB /* FoodDetailSheet.swift */; };
		DDF75DCF2A1DD22B0042DECB /* Sheet.swift in Sources */ = {isa = PBXBuildFile; fileRef = DDF75DCE2A1DD22B0042DECB /* Sheet.swift */; };
		DDF75DD22A1DD4450042DECB /* SFSymbol.swift in Sources */ = {isa = PBXBuildFile; fileRef = DDF75DD12A1DD4450042DECB /* SFSymbol.swift */; };
		DDF75DD42A1DE9290042DECB /* View+.swift in Sources */ = {isa = PBXBuildFile; fileRef = DDF75DD32A1DE9290042DECB /* View+.swift */; };
		DDF75DD62A1DE9560042DECB /* Animation+.swift in Sources */ = {isa = PBXBuildFile; fileRef = DDF75DD52A1DE9560042DECB /* Animation+.swift */; };
		DDF75DD82A1DE9A30042DECB /* ShapeStyle+.swift in Sources */ = {isa = PBXBuildFile; fileRef = DDF75DD72A1DE9A30042DECB /* ShapeStyle+.swift */; };
		DDF75DDA2A1DE9BA0042DECB /* AnyTransition+.swift in Sources */ = {isa = PBXBuildFile; fileRef = DDF75DD92A1DE9BA0042DECB /* AnyTransition+.swift */; };
		DDF75DDC2A1DE9D20042DECB /* AnyLayout+.swift in Sources */ = {isa = PBXBuildFile; fileRef = DDF75DDB2A1DE9D20042DECB /* AnyLayout+.swift */; };
/* End PBXBuildFile section */

/* Begin PBXFileReference section */
		DDF75DA72A1AACBE0042DECB /* FoodPicker.app */ = {isa = PBXFileReference; explicitFileType = wrapper.application; includeInIndex = 0; path = FoodPicker.app; sourceTree = BUILT_PRODUCTS_DIR; };
		DDF75DAA2A1AACBE0042DECB /* AppEntry.swift */ = {isa = PBXFileReference; lastKnownFileType = sourcecode.swift; path = AppEntry.swift; sourceTree = "<group>"; };
		DDF75DAC2A1AACBE0042DECB /* FoodPickerScreen.swift */ = {isa = PBXFileReference; lastKnownFileType = sourcecode.swift; path = FoodPickerScreen.swift; sourceTree = "<group>"; };
		DDF75DAE2A1AACBF0042DECB /* Assets.xcassets */ = {isa = PBXFileReference; lastKnownFileType = folder.assetcatalog; path = Assets.xcassets; sourceTree = "<group>"; };
		DDF75DB12A1AACBF0042DECB /* Preview Assets.xcassets */ = {isa = PBXFileReference; lastKnownFileType = folder.assetcatalog; path = "Preview Assets.xcassets"; sourceTree = "<group>"; };
		DDF75DB82A1CB8510042DECB /* Food.swift */ = {isa = PBXFileReference; lastKnownFileType = sourcecode.swift; path = Food.swift; sourceTree = "<group>"; };
		DDF75DBA2A1CC2FA0042DECB /* PreviewDevice+.swift */ = {isa = PBXFileReference; lastKnownFileType = sourcecode.swift; path = "PreviewDevice+.swift"; sourceTree = "<group>"; };
		DDF75DBE2A1CFBD50042DECB /* SuffixWrapper.swift */ = {isa = PBXFileReference; lastKnownFileType = sourcecode.swift; path = SuffixWrapper.swift; sourceTree = "<group>"; };
		DDF75DC02A1D112A0042DECB /* FoodListScreen.swift */ = {isa = PBXFileReference; lastKnownFileType = sourcecode.swift; path = FoodListScreen.swift; sourceTree = "<group>"; };
		DDF75DC22A1D3A350042DECB /* FoodForm.swift */ = {isa = PBXFileReference; lastKnownFileType = sourcecode.swift; path = FoodForm.swift; sourceTree = "<group>"; };
		DDF75DCC2A1DCEF60042DECB /* FoodDetailSheet.swift */ = {isa = PBXFileReference; lastKnownFileType = sourcecode.swift; path = FoodDetailSheet.swift; sourceTree = "<group>"; };
		DDF75DCE2A1DD22B0042DECB /* Sheet.swift */ = {isa = PBXFileReference; lastKnownFileType = sourcecode.swift; path = Sheet.swift; sourceTree = "<group>"; };
		DDF75DD12A1DD4450042DECB /* SFSymbol.swift */ = {isa = PBXFileReference; lastKnownFileType = sourcecode.swift; path = SFSymbol.swift; sourceTree = "<group>"; };
		DDF75DD32A1DE9290042DECB /* View+.swift */ = {isa = PBXFileReference; lastKnownFileType = sourcecode.swift; path = "View+.swift"; sourceTree = "<group>"; };
		DDF75DD52A1DE9560042DECB /* Animation+.swift */ = {isa = PBXFileReference; lastKnownFileType = sourcecode.swift; path = "Animation+.swift"; sourceTree = "<group>"; };
		DDF75DD72A1DE9A30042DECB /* ShapeStyle+.swift */ = {isa = PBXFileReference; lastKnownFileType = sourcecode.swift; path = "ShapeStyle+.swift"; sourceTree = "<group>"; };
		DDF75DD92A1DE9BA0042DECB /* AnyTransition+.swift */ = {isa = PBXFileReference; lastKnownFileType = sourcecode.swift; path = "AnyTransition+.swift"; sourceTree = "<group>"; };
		DDF75DDB2A1DE9D20042DECB /* AnyLayout+.swift */ = {isa = PBXFileReference; lastKnownFileType = sourcecode.swift; path = "AnyLayout+.swift"; sourceTree = "<group>"; };
/* End PBXFileReference section */

/* Begin PBXFrameworksBuildPhase section */
		DDF75DA42A1AACBE0042DECB /* Frameworks */ = {
			isa = PBXFrameworksBuildPhase;
			buildActionMask = 2147483647;
			files = (
			);
			runOnlyForDeploymentPostprocessing = 0;
		};
/* End PBXFrameworksBuildPhase section */

/* Begin PBXGroup section */
		DDF75D9E2A1AACBE0042DECB = {
			isa = PBXGroup;
			children = (
				DDF75DA92A1AACBE0042DECB /* FoodPicker */,
				DDF75DA82A1AACBE0042DECB /* Products */,
			);
			sourceTree = "<group>";
		};
		DDF75DA82A1AACBE0042DECB /* Products */ = {
			isa = PBXGroup;
			children = (
				DDF75DA72A1AACBE0042DECB /* FoodPicker.app */,
			);
			name = Products;
			sourceTree = "<group>";
		};
		DDF75DA92A1AACBE0042DECB /* FoodPicker */ = {
			isa = PBXGroup;
			children = (
				DDF75DAA2A1AACBE0042DECB /* AppEntry.swift */,
				DDF75DC42A1DCA5D0042DECB /* Screen */,
				DDF75DC52A1DCD4B0042DECB /* Model */,
				DDF75DC62A1DCD5A0042DECB /* Extension */,
				DDF75DD02A1DD3E00042DECB /* Constant */,
				DDF75DC72A1DCDB00042DECB /* Resource */,
				DDF75DCB2A1DCE8D0042DECB /* Utils */,
				DDF75DB02A1AACBF0042DECB /* Preview Content */,
			);
			path = FoodPicker;
			sourceTree = "<group>";
		};
		DDF75DB02A1AACBF0042DECB /* Preview Content */ = {
			isa = PBXGroup;
			children = (
				DDF75DB12A1AACBF0042DECB /* Preview Assets.xcassets */,
			);
			path = "Preview Content";
			sourceTree = "<group>";
		};
		DDF75DC42A1DCA5D0042DECB /* Screen */ = {
			isa = PBXGroup;
			children = (
				DDF75DC92A1DCDFF0042DECB /* FoodList */,
				DDF75DC82A1DCDF70042DECB /* FoodPicker */,
			);
			path = Screen;
			sourceTree = "<group>";
		};
		DDF75DC52A1DCD4B0042DECB /* Model */ = {
			isa = PBXGroup;
			children = (
				DDF75DB82A1CB8510042DECB /* Food.swift */,
			);
			path = Model;
			sourceTree = "<group>";
		};
		DDF75DC62A1DCD5A0042DECB /* Extension */ = {
			isa = PBXGroup;
			children = (
				DDF75DBA2A1CC2FA0042DECB /* PreviewDevice+.swift */,
				DDF75DD32A1DE9290042DECB /* View+.swift */,
				DDF75DD52A1DE9560042DECB /* Animation+.swift */,
				DDF75DD72A1DE9A30042DECB /* ShapeStyle+.swift */,
				DDF75DD92A1DE9BA0042DECB /* AnyTransition+.swift */,
				DDF75DDB2A1DE9D20042DECB /* AnyLayout+.swift */,
			);
			path = Extension;
			sourceTree = "<group>";
		};
		DDF75DC72A1DCDB00042DECB /* Resource */ = {
			isa = PBXGroup;
			children = (
				DDF75DAE2A1AACBF0042DECB /* Assets.xcassets */,
			);
			path = Resource;
			sourceTree = "<group>";
		};
		DDF75DC82A1DCDF70042DECB /* FoodPicker */ = {
			isa = PBXGroup;
			children = (
				DDF75DAC2A1AACBE0042DECB /* FoodPickerScreen.swift */,
			);
			path = FoodPicker;
			sourceTree = "<group>";
		};
		DDF75DC92A1DCDFF0042DECB /* FoodList */ = {
			isa = PBXGroup;
			children = (
				DDF75DCA2A1DCE350042DECB /* View */,
				DDF75DC02A1D112A0042DECB /* FoodListScreen.swift */,
			);
			path = FoodList;
			sourceTree = "<group>";
		};
		DDF75DCA2A1DCE350042DECB /* View */ = {
			isa = PBXGroup;
			children = (
				DDF75DC22A1D3A350042DECB /* FoodForm.swift */,
				DDF75DCC2A1DCEF60042DECB /* FoodDetailSheet.swift */,
				DDF75DCE2A1DD22B0042DECB /* Sheet.swift */,
			);
			path = View;
			sourceTree = "<group>";
		};
		DDF75DCB2A1DCE8D0042DECB /* Utils */ = {
			isa = PBXGroup;
			children = (
				DDF75DBE2A1CFBD50042DECB /* SuffixWrapper.swift */,
			);
			path = Utils;
			sourceTree = "<group>";
		};
		DDF75DD02A1DD3E00042DECB /* Constant */ = {
			isa = PBXGroup;
			children = (
				DDF75DD12A1DD4450042DECB /* SFSymbol.swift */,
			);
			path = Constant;
			sourceTree = "<group>";
		};
/* End PBXGroup section */

/* Begin PBXNativeTarget section */
		DDF75DA62A1AACBE0042DECB /* FoodPicker */ = {
			isa = PBXNativeTarget;
			buildConfigurationList = DDF75DB52A1AACBF0042DECB /* Build configuration list for PBXNativeTarget "FoodPicker" */;
			buildPhases = (
				DDF75DA32A1AACBE0042DECB /* Sources */,
				DDF75DA42A1AACBE0042DECB /* Frameworks */,
				DDF75DA52A1AACBE0042DECB /* Resources */,
			);
			buildRules = (
			);
			dependencies = (
			);
			name = FoodPicker;
			productName = FoodPicker;
			productReference = DDF75DA72A1AACBE0042DECB /* FoodPicker.app */;
			productType = "com.apple.product-type.application";
		};
/* End PBXNativeTarget section */

/* Begin PBXProject section */
		DDF75D9F2A1AACBE0042DECB /* Project object */ = {
			isa = PBXProject;
			attributes = {
				BuildIndependentTargetsInParallel = 1;
				LastSwiftUpdateCheck = 1430;
				LastUpgradeCheck = 1430;
				TargetAttributes = {
					DDF75DA62A1AACBE0042DECB = {
						CreatedOnToolsVersion = 14.3;
					};
				};
			};
			buildConfigurationList = DDF75DA22A1AACBE0042DECB /* Build configuration list for PBXProject "FoodPicker" */;
			compatibilityVersion = "Xcode 14.0";
			developmentRegion = en;
			hasScannedForEncodings = 0;
			knownRegions = (
				en,
				Base,
			);
			mainGroup = DDF75D9E2A1AACBE0042DECB;
			productRefGroup = DDF75DA82A1AACBE0042DECB /* Products */;
			projectDirPath = "";
			projectRoot = "";
			targets = (
				DDF75DA62A1AACBE0042DECB /* FoodPicker */,
			);
		};
/* End PBXProject section */

/* Begin PBXResourcesBuildPhase section */
		DDF75DA52A1AACBE0042DECB /* Resources */ = {
			isa = PBXResourcesBuildPhase;
			buildActionMask = 2147483647;
			files = (
				DDF75DB22A1AACBF0042DECB /* Preview Assets.xcassets in Resources */,
				DDF75DAF2A1AACBF0042DECB /* Assets.xcassets in Resources */,
			);
			runOnlyForDeploymentPostprocessing = 0;
		};
/* End PBXResourcesBuildPhase section */

/* Begin PBXSourcesBuildPhase section */
		DDF75DA32A1AACBE0042DECB /* Sources */ = {
			isa = PBXSourcesBuildPhase;
			buildActionMask = 2147483647;
			files = (
				DDF75DBF2A1CFBD50042DECB /* SuffixWrapper.swift in Sources */,
				DDF75DD62A1DE9560042DECB /* Animation+.swift in Sources */,
				DDF75DCD2A1DCEF60042DECB /* FoodDetailSheet.swift in Sources */,
				DDF75DD82A1DE9A30042DECB /* ShapeStyle+.swift in Sources */,
				DDF75DC12A1D112A0042DECB /* FoodListScreen.swift in Sources */,
				DDF75DD42A1DE9290042DECB /* View+.swift in Sources */,
				DDF75DBB2A1CC2FA0042DECB /* PreviewDevice+.swift in Sources */,
				DDF75DCF2A1DD22B0042DECB /* Sheet.swift in Sources */,
				DDF75DAD2A1AACBE0042DECB /* FoodPickerScreen.swift in Sources */,
				DDF75DC32A1D3A350042DECB /* FoodForm.swift in Sources */,
				DDF75DAB2A1AACBE0042DECB /* AppEntry.swift in Sources */,
				DDF75DDC2A1DE9D20042DECB /* AnyLayout+.swift in Sources */,
				DDF75DB92A1CB8510042DECB /* Food.swift in Sources */,
				DDF75DDA2A1DE9BA0042DECB /* AnyTransition+.swift in Sources */,
				DDF75DD22A1DD4450042DECB /* SFSymbol.swift in Sources */,
			);
			runOnlyForDeploymentPostprocessing = 0;
		};
/* End PBXSourcesBuildPhase section */

/* Begin XCBuildConfiguration section */
		DDF75DB32A1AACBF0042DECB /* Debug */ = {
			isa = XCBuildConfiguration;
			buildSettings = {
				ALWAYS_SEARCH_USER_PATHS = NO;
				CLANG_ANALYZER_NONNULL = YES;
				CLANG_ANALYZER_NUMBER_OBJECT_CONVERSION = YES_AGGRESSIVE;
				CLANG_CXX_LANGUAGE_STANDARD = "gnu++20";
				CLANG_ENABLE_MODULES = YES;
				CLANG_ENABLE_OBJC_ARC = YES;
				CLANG_ENABLE_OBJC_WEAK = YES;
				CLANG_WARN_BLOCK_CAPTURE_AUTORELEASING = YES;
				CLANG_WARN_BOOL_CONVERSION = YES;
				CLANG_WARN_COMMA = YES;
				CLANG_WARN_CONSTANT_CONVERSION = YES;
				CLANG_WARN_DEPRECATED_OBJC_IMPLEMENTATIONS = YES;
				CLANG_WARN_DIRECT_OBJC_ISA_USAGE = YES_ERROR;
				CLANG_WARN_DOCUMENTATION_COMMENTS = YES;
				CLANG_WARN_EMPTY_BODY = YES;
				CLANG_WARN_ENUM_CONVERSION = YES;
				CLANG_WARN_INFINITE_RECURSION = YES;
				CLANG_WARN_INT_CONVERSION = YES;
				CLANG_WARN_NON_LITERAL_NULL_CONVERSION = YES;
				CLANG_WARN_OBJC_IMPLICIT_RETAIN_SELF = YES;
				CLANG_WARN_OBJC_LITERAL_CONVERSION = YES;
				CLANG_WARN_OBJC_ROOT_CLASS = YES_ERROR;
				CLANG_WARN_QUOTED_INCLUDE_IN_FRAMEWORK_HEADER = YES;
				CLANG_WARN_RANGE_LOOP_ANALYSIS = YES;
				CLANG_WARN_STRICT_PROTOTYPES = YES;
				CLANG_WARN_SUSPICIOUS_MOVE = YES;
				CLANG_WARN_UNGUARDED_AVAILABILITY = YES_AGGRESSIVE;
				CLANG_WARN_UNREACHABLE_CODE = YES;
				CLANG_WARN__DUPLICATE_METHOD_MATCH = YES;
				COPY_PHASE_STRIP = NO;
				DEBUG_INFORMATION_FORMAT = dwarf;
				ENABLE_STRICT_OBJC_MSGSEND = YES;
				ENABLE_TESTABILITY = YES;
				GCC_C_LANGUAGE_STANDARD = gnu11;
				GCC_DYNAMIC_NO_PIC = NO;
				GCC_NO_COMMON_BLOCKS = YES;
				GCC_OPTIMIZATION_LEVEL = 0;
				GCC_PREPROCESSOR_DEFINITIONS = (
					"DEBUG=1",
					"$(inherited)",
				);
				GCC_WARN_64_TO_32_BIT_CONVERSION = YES;
				GCC_WARN_ABOUT_RETURN_TYPE = YES_ERROR;
				GCC_WARN_UNDECLARED_SELECTOR = YES;
				GCC_WARN_UNINITIALIZED_AUTOS = YES_AGGRESSIVE;
				GCC_WARN_UNUSED_FUNCTION = YES;
				GCC_WARN_UNUSED_VARIABLE = YES;
				IPHONEOS_DEPLOYMENT_TARGET = 16.0;
				MTL_ENABLE_DEBUG_INFO = INCLUDE_SOURCE;
				MTL_FAST_MATH = YES;
				ONLY_ACTIVE_ARCH = YES;
				SDKROOT = iphoneos;
				SWIFT_ACTIVE_COMPILATION_CONDITIONS = DEBUG;
				SWIFT_OPTIMIZATION_LEVEL = "-Onone";
			};
			name = Debug;
		};
		DDF75DB42A1AACBF0042DECB /* Release */ = {
			isa = XCBuildConfiguration;
			buildSettings = {
				ALWAYS_SEARCH_USER_PATHS = NO;
				CLANG_ANALYZER_NONNULL = YES;
				CLANG_ANALYZER_NUMBER_OBJECT_CONVERSION = YES_AGGRESSIVE;
				CLANG_CXX_LANGUAGE_STANDARD = "gnu++20";
				CLANG_ENABLE_MODULES = YES;
				CLANG_ENABLE_OBJC_ARC = YES;
				CLANG_ENABLE_OBJC_WEAK = YES;
				CLANG_WARN_BLOCK_CAPTURE_AUTORELEASING = YES;
				CLANG_WARN_BOOL_CONVERSION = YES;
				CLANG_WARN_COMMA = YES;
				CLANG_WARN_CONSTANT_CONVERSION = YES;
				CLANG_WARN_DEPRECATED_OBJC_IMPLEMENTATIONS = YES;
				CLANG_WARN_DIRECT_OBJC_ISA_USAGE = YES_ERROR;
				CLANG_WARN_DOCUMENTATION_COMMENTS = YES;
				CLANG_WARN_EMPTY_BODY = YES;
				CLANG_WARN_ENUM_CONVERSION = YES;
				CLANG_WARN_INFINITE_RECURSION = YES;
				CLANG_WARN_INT_CONVERSION = YES;
				CLANG_WARN_NON_LITERAL_NULL_CONVERSION = YES;
				CLANG_WARN_OBJC_IMPLICIT_RETAIN_SELF = YES;
				CLANG_WARN_OBJC_LITERAL_CONVERSION = YES;
				CLANG_WARN_OBJC_ROOT_CLASS = YES_ERROR;
				CLANG_WARN_QUOTED_INCLUDE_IN_FRAMEWORK_HEADER = YES;
				CLANG_WARN_RANGE_LOOP_ANALYSIS = YES;
				CLANG_WARN_STRICT_PROTOTYPES = YES;
				CLANG_WARN_SUSPICIOUS_MOVE = YES;
				CLANG_WARN_UNGUARDED_AVAILABILITY = YES_AGGRESSIVE;
				CLANG_WARN_UNREACHABLE_CODE = YES;
				CLANG_WARN__DUPLICATE_METHOD_MATCH = YES;
				COPY_PHASE_STRIP = NO;
				DEBUG_INFORMATION_FORMAT = "dwarf-with-dsym";
				ENABLE_NS_ASSERTIONS = NO;
				ENABLE_STRICT_OBJC_MSGSEND = YES;
				GCC_C_LANGUAGE_STANDARD = gnu11;
				GCC_NO_COMMON_BLOCKS = YES;
				GCC_WARN_64_TO_32_BIT_CONVERSION = YES;
				GCC_WARN_ABOUT_RETURN_TYPE = YES_ERROR;
				GCC_WARN_UNDECLARED_SELECTOR = YES;
				GCC_WARN_UNINITIALIZED_AUTOS = YES_AGGRESSIVE;
				GCC_WARN_UNUSED_FUNCTION = YES;
				GCC_WARN_UNUSED_VARIABLE = YES;
				IPHONEOS_DEPLOYMENT_TARGET = 16.0;
				MTL_ENABLE_DEBUG_INFO = NO;
				MTL_FAST_MATH = YES;
				SDKROOT = iphoneos;
				SWIFT_COMPILATION_MODE = wholemodule;
				SWIFT_OPTIMIZATION_LEVEL = "-O";
				VALIDATE_PRODUCT = YES;
			};
			name = Release;
		};
		DDF75DB62A1AACBF0042DECB /* Debug */ = {
			isa = XCBuildConfiguration;
			buildSettings = {
				ASSETCATALOG_COMPILER_APPICON_NAME = AppIcon;
				ASSETCATALOG_COMPILER_GLOBAL_ACCENT_COLOR_NAME = AccentColor;
				CODE_SIGN_STYLE = Automatic;
				CURRENT_PROJECT_VERSION = 1;
				DEVELOPMENT_ASSET_PATHS = "\"FoodPicker/Preview Content\"";
				DEVELOPMENT_TEAM = 7B4UFLHMBJ;
				ENABLE_PREVIEWS = YES;
				GENERATE_INFOPLIST_FILE = YES;
				INFOPLIST_KEY_UIApplicationSceneManifest_Generation = YES;
				INFOPLIST_KEY_UIApplicationSupportsIndirectInputEvents = YES;
				INFOPLIST_KEY_UILaunchScreen_Generation = YES;
				INFOPLIST_KEY_UISupportedInterfaceOrientations_iPad = "UIInterfaceOrientationPortrait UIInterfaceOrientationPortraitUpsideDown UIInterfaceOrientationLandscapeLeft UIInterfaceOrientationLandscapeRight";
				INFOPLIST_KEY_UISupportedInterfaceOrientations_iPhone = "UIInterfaceOrientationPortrait UIInterfaceOrientationLandscapeLeft UIInterfaceOrientationLandscapeRight";
				LD_RUNPATH_SEARCH_PATHS = (
					"$(inherited)",
					"@executable_path/Frameworks",
				);
				MARKETING_VERSION = 1.0;
				PRODUCT_BUNDLE_IDENTIFIER = com.pseudoyu.FoodPicker;
				PRODUCT_NAME = "$(TARGET_NAME)";
				SWIFT_EMIT_LOC_STRINGS = YES;
				SWIFT_VERSION = 5.0;
				TARGETED_DEVICE_FAMILY = "1,2";
			};
			name = Debug;
		};
		DDF75DB72A1AACBF0042DECB /* Release */ = {
			isa = XCBuildConfiguration;
			buildSettings = {
				ASSETCATALOG_COMPILER_APPICON_NAME = AppIcon;
				ASSETCATALOG_COMPILER_GLOBAL_ACCENT_COLOR_NAME = AccentColor;
				CODE_SIGN_STYLE = Automatic;
				CURRENT_PROJECT_VERSION = 1;
				DEVELOPMENT_ASSET_PATHS = "\"FoodPicker/Preview Content\"";
				DEVELOPMENT_TEAM = 7B4UFLHMBJ;
				ENABLE_PREVIEWS = YES;
				GENERATE_INFOPLIST_FILE = YES;
				INFOPLIST_KEY_UIApplicationSceneManifest_Generation = YES;
				INFOPLIST_KEY_UIApplicationSupportsIndirectInputEvents = YES;
				INFOPLIST_KEY_UILaunchScreen_Generation = YES;
				INFOPLIST_KEY_UISupportedInterfaceOrientations_iPad = "UIInterfaceOrientationPortrait UIInterfaceOrientationPortraitUpsideDown UIInterfaceOrientationLandscapeLeft UIInterfaceOrientationLandscapeRight";
				INFOPLIST_KEY_UISupportedInterfaceOrientations_iPhone = "UIInterfaceOrientationPortrait UIInterfaceOrientationLandscapeLeft UIInterfaceOrientationLandscapeRight";
				LD_RUNPATH_SEARCH_PATHS = (
					"$(inherited)",
					"@executable_path/Frameworks",
				);
				MARKETING_VERSION = 1.0;
				PRODUCT_BUNDLE_IDENTIFIER = com.pseudoyu.FoodPicker;
				PRODUCT_NAME = "$(TARGET_NAME)";
				SWIFT_EMIT_LOC_STRINGS = YES;
				SWIFT_VERSION = 5.0;
				TARGETED_DEVICE_FAMILY = "1,2";
			};
			name = Release;
		};
/* End XCBuildConfiguration section */

/* Begin XCConfigurationList section */
		DDF75DA22A1AACBE0042DECB /* Build configuration list for PBXProject "FoodPicker" */ = {
			isa = XCConfigurationList;
			buildConfigurations = (
				DDF75DB32A1AACBF0042DECB /* Debug */,
				DDF75DB42A1AACBF0042DECB /* Release */,
			);
			defaultConfigurationIsVisible = 0;
			defaultConfigurationName = Release;
		};
		DDF75DB52A1AACBF0042DECB /* Build configuration list for PBXNativeTarget "FoodPicker" */ = {
			isa = XCConfigurationList;
			buildConfigurations = (
				DDF75DB62A1AACBF0042DECB /* Debug */,
				DDF75DB72A1AACBF0042DECB /* Release */,
			);
			defaultConfigurationIsVisible = 0;
			defaultConfigurationName = Release;
		};
/* End XCConfigurationList section */
	};
	rootObject = DDF75D9F2A1AACBE0042DECB /* Project object */;
}
